
Microsoft Visual Studio Solution File, Format Version 12.00
# Visual Studio Version 16
VisualStudioVersion = 16.0.31321.278
MinimumVisualStudioVersion = 10.0.40219.1
Project("{FAE04EC0-301F-11D3-BF4B-00C04F79EFBC}") = "PizzariaRumo", "PizzariaRumo\PizzariaRumo.csproj", "{72AFC05F-1D59-46DE-9B3B-BBF62EFB667C}"
EndProject
Project("{FAE04EC0-301F-11D3-BF4B-00C04F79EFBC}") = "BancoDeDados", "BanncoDeDados\BancoDeDados.csproj", "{4FDD605D-25A0-49B0-BAB1-9333551E4539}"
EndProject
Project("{FAE04EC0-301F-11D3-BF4B-00C04F79EFBC}") = "Business", "Business\Business.csproj", "{2DBAD8E7-0ECF-420C-BA2D-CD09E132360C}"
EndProject
Global
	GlobalSection(SolutionConfigurationPlatforms) = preSolution
		Debug|Any CPU = Debug|Any CPU
		Release|Any CPU = Release|Any CPU
	EndGlobalSection
	GlobalSection(ProjectConfigurationPlatforms) = postSolution
		{72AFC05F-1D59-46DE-9B3B-BBF62EFB667C}.Debug|Any CPU.ActiveCfg = Debug|Any CPU
		{72AFC05F-1D59-46DE-9B3B-BBF62EFB667C}.Debug|Any CPU.Build.0 = Debug|Any CPU
		{72AFC05F-1D59-46DE-9B3B-BBF62EFB667C}.Release|Any CPU.ActiveCfg = Release|Any CPU
		{72AFC05F-1D59-46DE-9B3B-BBF62EFB667C}.Release|Any CPU.Build.0 = Release|Any CPU
		{4FDD605D-25A0-49B0-BAB1-9333551E4539}.Debug|Any CPU.ActiveCfg = Debug|Any CPU
		{4FDD605D-25A0-49B0-BAB1-9333551E4539}.Debug|Any CPU.Build.0 = Debug|Any CPU
		{4FDD605D-25A0-49B0-BAB1-9333551E4539}.Release|Any CPU.ActiveCfg = Release|Any CPU
		{4FDD605D-25A0-49B0-BAB1-9333551E4539}.Release|Any CPU.Build.0 = Release|Any CPU
		{2DBAD8E7-0ECF-420C-BA2D-CD09E132360C}.Debug|Any CPU.ActiveCfg = Debug|Any CPU
		{2DBAD8E7-0ECF-420C-BA2D-CD09E132360C}.Debug|Any CPU.Build.0 = Debug|Any CPU
		{2DBAD8E7-0ECF-420C-BA2D-CD09E132360C}.Release|Any CPU.ActiveCfg = Release|Any CPU
		{2DBAD8E7-0ECF-420C-BA2D-CD09E132360C}.Release|Any CPU.Build.0 = Release|Any CPU
	EndGlobalSection
	GlobalSection(SolutionProperties) = preSolution
		HideSolutionNode = FALSE
	EndGlobalSection
	GlobalSection(ExtensibilityGlobals) = postSolution
		SolutionGuid = {59717697-5ACF-45EF-A611-FE61DF790C81}
	EndGlobalSection
EndGlobal
